// !$*UTF8*$!
{
	archiveVersion = 1;
	classes = {
	};
	objectVersion = 50;
	objects = {

/* Begin PBXBuildFile section */
		3EDD2669A753CDCEFC3AB7EE /* Pods_TaskManagerTests.framework in Frameworks */ = {isa = PBXBuildFile; fileRef = 9B0374BEFA079776A9CDCEF5 /* Pods_TaskManagerTests.framework */; };
		4C5994375935E930C0FD7D66 /* Pods_TaskManager.framework in Frameworks */ = {isa = PBXBuildFile; fileRef = CCE870623F5F3CD18EB06C87 /* Pods_TaskManager.framework */; };
		846A714025F667ED002C1BFC /* AppDelegate.swift in Sources */ = {isa = PBXBuildFile; fileRef = 846A713F25F667ED002C1BFC /* AppDelegate.swift */; };
		846A714225F667ED002C1BFC /* SceneDelegate.swift in Sources */ = {isa = PBXBuildFile; fileRef = 846A714125F667ED002C1BFC /* SceneDelegate.swift */; };
		846A714C25F667EE002C1BFC /* Assets.xcassets in Resources */ = {isa = PBXBuildFile; fileRef = 846A714B25F667EE002C1BFC /* Assets.xcassets */; };
		846A714F25F667EE002C1BFC /* LaunchScreen.storyboard in Resources */ = {isa = PBXBuildFile; fileRef = 846A714D25F667EE002C1BFC /* LaunchScreen.storyboard */; };
		846A715A25F667EE002C1BFC /* TaskManagerTests.swift in Sources */ = {isa = PBXBuildFile; fileRef = 846A715925F667EE002C1BFC /* TaskManagerTests.swift */; };
		846A716525F667EE002C1BFC /* TaskManagerUITests.swift in Sources */ = {isa = PBXBuildFile; fileRef = 846A716425F667EE002C1BFC /* TaskManagerUITests.swift */; };
		846A71AF25F68975002C1BFC /* Task.storyboard in Resources */ = {isa = PBXBuildFile; fileRef = 846A71AB25F68975002C1BFC /* Task.storyboard */; };
		846A71B025F68975002C1BFC /* TaskCoordinator.swift in Sources */ = {isa = PBXBuildFile; fileRef = 846A71AC25F68975002C1BFC /* TaskCoordinator.swift */; };
		846A71B125F68975002C1BFC /* TaskConfig.swift in Sources */ = {isa = PBXBuildFile; fileRef = 846A71AD25F68975002C1BFC /* TaskConfig.swift */; };
		846A71B225F68975002C1BFC /* TaskService.swift in Sources */ = {isa = PBXBuildFile; fileRef = 846A71AE25F68975002C1BFC /* TaskService.swift */; };
		846A71BF25F68A14002C1BFC /* Coordinator.swift in Sources */ = {isa = PBXBuildFile; fileRef = 846A71BE25F68A14002C1BFC /* Coordinator.swift */; };
		846A71C725F68E19002C1BFC /* TaskBaseService.swift in Sources */ = {isa = PBXBuildFile; fileRef = 846A71C425F68E19002C1BFC /* TaskBaseService.swift */; };
		846A71C825F68E19002C1BFC /* TaskDatabaseService.swift in Sources */ = {isa = PBXBuildFile; fileRef = 846A71C525F68E19002C1BFC /* TaskDatabaseService.swift */; };
		846A71C925F68E19002C1BFC /* TaskServiceProvider.swift in Sources */ = {isa = PBXBuildFile; fileRef = 846A71C625F68E19002C1BFC /* TaskServiceProvider.swift */; };
		846A71E525F690E5002C1BFC /* TaskListVM.swift in Sources */ = {isa = PBXBuildFile; fileRef = 846A71E225F690E4002C1BFC /* TaskListVM.swift */; };
		846A71E625F690E5002C1BFC /* TaskListVC.swift in Sources */ = {isa = PBXBuildFile; fileRef = 846A71E325F690E4002C1BFC /* TaskListVC.swift */; };
		846A71E725F690E5002C1BFC /* TaskListCoordinator.swift in Sources */ = {isa = PBXBuildFile; fileRef = 846A71E425F690E5002C1BFC /* TaskListCoordinator.swift */; };
		846A71F725F69123002C1BFC /* TaskDetailVC.swift in Sources */ = {isa = PBXBuildFile; fileRef = 846A71F425F69123002C1BFC /* TaskDetailVC.swift */; };
		846A71F825F69123002C1BFC /* TaskDetailVM.swift in Sources */ = {isa = PBXBuildFile; fileRef = 846A71F525F69123002C1BFC /* TaskDetailVM.swift */; };
		846A71F925F69123002C1BFC /* TaskDetailCoordinator.swift in Sources */ = {isa = PBXBuildFile; fileRef = 846A71F625F69123002C1BFC /* TaskDetailCoordinator.swift */; };
		846A71FF25F691E0002C1BFC /* NSObject+.swift in Sources */ = {isa = PBXBuildFile; fileRef = 846A71FE25F691E0002C1BFC /* NSObject+.swift */; };
		846A720525F69275002C1BFC /* BaseViewController.swift in Sources */ = {isa = PBXBuildFile; fileRef = 846A720325F69275002C1BFC /* BaseViewController.swift */; };
		846A720625F69275002C1BFC /* BaseViewModel.swift in Sources */ = {isa = PBXBuildFile; fileRef = 846A720425F69275002C1BFC /* BaseViewModel.swift */; };
		E0FBD802799EE402424683AA /* Pods_TaskManager_TaskManagerUITests.framework in Frameworks */ = {isa = PBXBuildFile; fileRef = 4BE50598AFFF0269D54FB620 /* Pods_TaskManager_TaskManagerUITests.framework */; };
/* End PBXBuildFile section */

/* Begin PBXContainerItemProxy section */
		846A715625F667EE002C1BFC /* PBXContainerItemProxy */ = {
			isa = PBXContainerItemProxy;
			containerPortal = 846A713425F667ED002C1BFC /* Project object */;
			proxyType = 1;
			remoteGlobalIDString = 846A713B25F667ED002C1BFC;
			remoteInfo = TaskManager;
		};
		846A716125F667EE002C1BFC /* PBXContainerItemProxy */ = {
			isa = PBXContainerItemProxy;
			containerPortal = 846A713425F667ED002C1BFC /* Project object */;
			proxyType = 1;
			remoteGlobalIDString = 846A713B25F667ED002C1BFC;
			remoteInfo = TaskManager;
		};
/* End PBXContainerItemProxy section */

/* Begin PBXFileReference section */
		129C499975614B8D3B62DAC1 /* Pods-TaskManagerTests.release.xcconfig */ = {isa = PBXFileReference; includeInIndex = 1; lastKnownFileType = text.xcconfig; name = "Pods-TaskManagerTests.release.xcconfig"; path = "Target Support Files/Pods-TaskManagerTests/Pods-TaskManagerTests.release.xcconfig"; sourceTree = "<group>"; };
		2234B7A5909EBE7ABEB94CE8 /* Pods-TaskManagerTests.debug.xcconfig */ = {isa = PBXFileReference; includeInIndex = 1; lastKnownFileType = text.xcconfig; name = "Pods-TaskManagerTests.debug.xcconfig"; path = "Target Support Files/Pods-TaskManagerTests/Pods-TaskManagerTests.debug.xcconfig"; sourceTree = "<group>"; };
		4BE50598AFFF0269D54FB620 /* Pods_TaskManager_TaskManagerUITests.framework */ = {isa = PBXFileReference; explicitFileType = wrapper.framework; includeInIndex = 0; path = Pods_TaskManager_TaskManagerUITests.framework; sourceTree = BUILT_PRODUCTS_DIR; };
		846A713C25F667ED002C1BFC /* TaskManager.app */ = {isa = PBXFileReference; explicitFileType = wrapper.application; includeInIndex = 0; path = TaskManager.app; sourceTree = BUILT_PRODUCTS_DIR; };
		846A713F25F667ED002C1BFC /* AppDelegate.swift */ = {isa = PBXFileReference; lastKnownFileType = sourcecode.swift; path = AppDelegate.swift; sourceTree = "<group>"; };
		846A714125F667ED002C1BFC /* SceneDelegate.swift */ = {isa = PBXFileReference; lastKnownFileType = sourcecode.swift; path = SceneDelegate.swift; sourceTree = "<group>"; };
		846A714925F667ED002C1BFC /* TaskManager.xcdatamodel */ = {isa = PBXFileReference; lastKnownFileType = wrapper.xcdatamodel; path = TaskManager.xcdatamodel; sourceTree = "<group>"; };
		846A714B25F667EE002C1BFC /* Assets.xcassets */ = {isa = PBXFileReference; lastKnownFileType = folder.assetcatalog; path = Assets.xcassets; sourceTree = "<group>"; };
		846A714E25F667EE002C1BFC /* Base */ = {isa = PBXFileReference; lastKnownFileType = file.storyboard; name = Base; path = Base.lproj/LaunchScreen.storyboard; sourceTree = "<group>"; };
		846A715025F667EE002C1BFC /* Info.plist */ = {isa = PBXFileReference; lastKnownFileType = text.plist.xml; path = Info.plist; sourceTree = "<group>"; };
		846A715525F667EE002C1BFC /* TaskManagerTests.xctest */ = {isa = PBXFileReference; explicitFileType = wrapper.cfbundle; includeInIndex = 0; path = TaskManagerTests.xctest; sourceTree = BUILT_PRODUCTS_DIR; };
		846A715925F667EE002C1BFC /* TaskManagerTests.swift */ = {isa = PBXFileReference; lastKnownFileType = sourcecode.swift; path = TaskManagerTests.swift; sourceTree = "<group>"; };
		846A715B25F667EE002C1BFC /* Info.plist */ = {isa = PBXFileReference; lastKnownFileType = text.plist.xml; path = Info.plist; sourceTree = "<group>"; };
		846A716025F667EE002C1BFC /* TaskManagerUITests.xctest */ = {isa = PBXFileReference; explicitFileType = wrapper.cfbundle; includeInIndex = 0; path = TaskManagerUITests.xctest; sourceTree = BUILT_PRODUCTS_DIR; };
		846A716425F667EE002C1BFC /* TaskManagerUITests.swift */ = {isa = PBXFileReference; lastKnownFileType = sourcecode.swift; path = TaskManagerUITests.swift; sourceTree = "<group>"; };
		846A716625F667EE002C1BFC /* Info.plist */ = {isa = PBXFileReference; lastKnownFileType = text.plist.xml; path = Info.plist; sourceTree = "<group>"; };
		846A71AB25F68975002C1BFC /* Task.storyboard */ = {isa = PBXFileReference; fileEncoding = 4; lastKnownFileType = file.storyboard; path = Task.storyboard; sourceTree = "<group>"; };
		846A71AC25F68975002C1BFC /* TaskCoordinator.swift */ = {isa = PBXFileReference; fileEncoding = 4; lastKnownFileType = sourcecode.swift; path = TaskCoordinator.swift; sourceTree = "<group>"; };
		846A71AD25F68975002C1BFC /* TaskConfig.swift */ = {isa = PBXFileReference; fileEncoding = 4; lastKnownFileType = sourcecode.swift; path = TaskConfig.swift; sourceTree = "<group>"; };
		846A71AE25F68975002C1BFC /* TaskService.swift */ = {isa = PBXFileReference; fileEncoding = 4; lastKnownFileType = sourcecode.swift; path = TaskService.swift; sourceTree = "<group>"; };
		846A71BE25F68A14002C1BFC /* Coordinator.swift */ = {isa = PBXFileReference; fileEncoding = 4; lastKnownFileType = sourcecode.swift; path = Coordinator.swift; sourceTree = "<group>"; };
		846A71C425F68E19002C1BFC /* TaskBaseService.swift */ = {isa = PBXFileReference; fileEncoding = 4; lastKnownFileType = sourcecode.swift; path = TaskBaseService.swift; sourceTree = "<group>"; };
		846A71C525F68E19002C1BFC /* TaskDatabaseService.swift */ = {isa = PBXFileReference; fileEncoding = 4; lastKnownFileType = sourcecode.swift; path = TaskDatabaseService.swift; sourceTree = "<group>"; };
		846A71C625F68E19002C1BFC /* TaskServiceProvider.swift */ = {isa = PBXFileReference; fileEncoding = 4; lastKnownFileType = sourcecode.swift; path = TaskServiceProvider.swift; sourceTree = "<group>"; };
		846A71E225F690E4002C1BFC /* TaskListVM.swift */ = {isa = PBXFileReference; fileEncoding = 4; lastKnownFileType = sourcecode.swift; path = TaskListVM.swift; sourceTree = "<group>"; };
		846A71E325F690E4002C1BFC /* TaskListVC.swift */ = {isa = PBXFileReference; fileEncoding = 4; lastKnownFileType = sourcecode.swift; path = TaskListVC.swift; sourceTree = "<group>"; };
		846A71E425F690E5002C1BFC /* TaskListCoordinator.swift */ = {isa = PBXFileReference; fileEncoding = 4; lastKnownFileType = sourcecode.swift; path = TaskListCoordinator.swift; sourceTree = "<group>"; };
		846A71F425F69123002C1BFC /* TaskDetailVC.swift */ = {isa = PBXFileReference; fileEncoding = 4; lastKnownFileType = sourcecode.swift; path = TaskDetailVC.swift; sourceTree = "<group>"; };
		846A71F525F69123002C1BFC /* TaskDetailVM.swift */ = {isa = PBXFileReference; fileEncoding = 4; lastKnownFileType = sourcecode.swift; path = TaskDetailVM.swift; sourceTree = "<group>"; };
		846A71F625F69123002C1BFC /* TaskDetailCoordinator.swift */ = {isa = PBXFileReference; fileEncoding = 4; lastKnownFileType = sourcecode.swift; path = TaskDetailCoordinator.swift; sourceTree = "<group>"; };
		846A71FE25F691E0002C1BFC /* NSObject+.swift */ = {isa = PBXFileReference; fileEncoding = 4; lastKnownFileType = sourcecode.swift; path = "NSObject+.swift"; sourceTree = "<group>"; };
		846A720325F69275002C1BFC /* BaseViewController.swift */ = {isa = PBXFileReference; fileEncoding = 4; lastKnownFileType = sourcecode.swift; path = BaseViewController.swift; sourceTree = "<group>"; };
		846A720425F69275002C1BFC /* BaseViewModel.swift */ = {isa = PBXFileReference; fileEncoding = 4; lastKnownFileType = sourcecode.swift; path = BaseViewModel.swift; sourceTree = "<group>"; };
		93564D4BEAEF7B41F8DF93FC /* Pods-TaskManager.debug.xcconfig */ = {isa = PBXFileReference; includeInIndex = 1; lastKnownFileType = text.xcconfig; name = "Pods-TaskManager.debug.xcconfig"; path = "Target Support Files/Pods-TaskManager/Pods-TaskManager.debug.xcconfig"; sourceTree = "<group>"; };
		9B0374BEFA079776A9CDCEF5 /* Pods_TaskManagerTests.framework */ = {isa = PBXFileReference; explicitFileType = wrapper.framework; includeInIndex = 0; path = Pods_TaskManagerTests.framework; sourceTree = BUILT_PRODUCTS_DIR; };
		A04D0F4F3CCB8FAC32DA7B0E /* Pods-TaskManager-TaskManagerUITests.debug.xcconfig */ = {isa = PBXFileReference; includeInIndex = 1; lastKnownFileType = text.xcconfig; name = "Pods-TaskManager-TaskManagerUITests.debug.xcconfig"; path = "Target Support Files/Pods-TaskManager-TaskManagerUITests/Pods-TaskManager-TaskManagerUITests.debug.xcconfig"; sourceTree = "<group>"; };
		C95B6A84522BB0CF4B6FE600 /* Pods-TaskManager.release.xcconfig */ = {isa = PBXFileReference; includeInIndex = 1; lastKnownFileType = text.xcconfig; name = "Pods-TaskManager.release.xcconfig"; path = "Target Support Files/Pods-TaskManager/Pods-TaskManager.release.xcconfig"; sourceTree = "<group>"; };
		CCE870623F5F3CD18EB06C87 /* Pods_TaskManager.framework */ = {isa = PBXFileReference; explicitFileType = wrapper.framework; includeInIndex = 0; path = Pods_TaskManager.framework; sourceTree = BUILT_PRODUCTS_DIR; };
		DCD1235B2C4D6D55CD80B799 /* Pods-TaskManager-TaskManagerUITests.release.xcconfig */ = {isa = PBXFileReference; includeInIndex = 1; lastKnownFileType = text.xcconfig; name = "Pods-TaskManager-TaskManagerUITests.release.xcconfig"; path = "Target Support Files/Pods-TaskManager-TaskManagerUITests/Pods-TaskManager-TaskManagerUITests.release.xcconfig"; sourceTree = "<group>"; };
/* End PBXFileReference section */

/* Begin PBXFrameworksBuildPhase section */
		846A713925F667ED002C1BFC /* Frameworks */ = {
			isa = PBXFrameworksBuildPhase;
			buildActionMask = 2147483647;
			files = (
				4C5994375935E930C0FD7D66 /* Pods_TaskManager.framework in Frameworks */,
			);
			runOnlyForDeploymentPostprocessing = 0;
		};
		846A715225F667EE002C1BFC /* Frameworks */ = {
			isa = PBXFrameworksBuildPhase;
			buildActionMask = 2147483647;
			files = (
				3EDD2669A753CDCEFC3AB7EE /* Pods_TaskManagerTests.framework in Frameworks */,
			);
			runOnlyForDeploymentPostprocessing = 0;
		};
		846A715D25F667EE002C1BFC /* Frameworks */ = {
			isa = PBXFrameworksBuildPhase;
			buildActionMask = 2147483647;
			files = (
				E0FBD802799EE402424683AA /* Pods_TaskManager_TaskManagerUITests.framework in Frameworks */,
			);
			runOnlyForDeploymentPostprocessing = 0;
		};
/* End PBXFrameworksBuildPhase section */

/* Begin PBXGroup section */
		3A687D0A1C71C320012D577B /* Frameworks */ = {
			isa = PBXGroup;
			children = (
				CCE870623F5F3CD18EB06C87 /* Pods_TaskManager.framework */,
				4BE50598AFFF0269D54FB620 /* Pods_TaskManager_TaskManagerUITests.framework */,
				9B0374BEFA079776A9CDCEF5 /* Pods_TaskManagerTests.framework */,
			);
			name = Frameworks;
			sourceTree = "<group>";
		};
		846A713325F667ED002C1BFC = {
			isa = PBXGroup;
			children = (
				846A713E25F667ED002C1BFC /* TaskManager */,
				846A715825F667EE002C1BFC /* TaskManagerTests */,
				846A716325F667EE002C1BFC /* TaskManagerUITests */,
				846A713D25F667ED002C1BFC /* Products */,
				912A79F5175FF953C36F0255 /* Pods */,
				3A687D0A1C71C320012D577B /* Frameworks */,
			);
			sourceTree = "<group>";
		};
		846A713D25F667ED002C1BFC /* Products */ = {
			isa = PBXGroup;
			children = (
				846A713C25F667ED002C1BFC /* TaskManager.app */,
				846A715525F667EE002C1BFC /* TaskManagerTests.xctest */,
				846A716025F667EE002C1BFC /* TaskManagerUITests.xctest */,
			);
			name = Products;
			sourceTree = "<group>";
		};
		846A713E25F667ED002C1BFC /* TaskManager */ = {
			isa = PBXGroup;
			children = (
				846A71A625F688A4002C1BFC /* Modules */,
				846A71B625F689AD002C1BFC /* Common */,
				846A71FD25F69183002C1BFC /* Util */,
				846A723625F69DE7002C1BFC /* SupportingFiles */,
			);
			path = TaskManager;
			sourceTree = "<group>";
		};
		846A715825F667EE002C1BFC /* TaskManagerTests */ = {
			isa = PBXGroup;
			children = (
				846A715925F667EE002C1BFC /* TaskManagerTests.swift */,
				846A715B25F667EE002C1BFC /* Info.plist */,
			);
			path = TaskManagerTests;
			sourceTree = "<group>";
		};
		846A716325F667EE002C1BFC /* TaskManagerUITests */ = {
			isa = PBXGroup;
			children = (
				846A716425F667EE002C1BFC /* TaskManagerUITests.swift */,
				846A716625F667EE002C1BFC /* Info.plist */,
			);
			path = TaskManagerUITests;
			sourceTree = "<group>";
		};
		846A71A625F688A4002C1BFC /* Modules */ = {
			isa = PBXGroup;
			children = (
				846A71A725F688B6002C1BFC /* Task */,
			);
			path = Modules;
			sourceTree = "<group>";
		};
		846A71A725F688B6002C1BFC /* Task */ = {
			isa = PBXGroup;
			children = (
				846A71A825F688C1002C1BFC /* TaskList */,
				846A71A925F688D0002C1BFC /* TaskDetail */,
				846A71C625F68E19002C1BFC /* TaskServiceProvider.swift */,
				846A71C425F68E19002C1BFC /* TaskBaseService.swift */,
				846A71C525F68E19002C1BFC /* TaskDatabaseService.swift */,
				846A71AE25F68975002C1BFC /* TaskService.swift */,
				846A71AB25F68975002C1BFC /* Task.storyboard */,
				846A71AD25F68975002C1BFC /* TaskConfig.swift */,
				846A71AC25F68975002C1BFC /* TaskCoordinator.swift */,
			);
			path = Task;
			sourceTree = "<group>";
		};
		846A71A825F688C1002C1BFC /* TaskList */ = {
			isa = PBXGroup;
			children = (
				846A71E425F690E5002C1BFC /* TaskListCoordinator.swift */,
				846A71E325F690E4002C1BFC /* TaskListVC.swift */,
				846A71E225F690E4002C1BFC /* TaskListVM.swift */,
			);
			path = TaskList;
			sourceTree = "<group>";
		};
		846A71A925F688D0002C1BFC /* TaskDetail */ = {
			isa = PBXGroup;
			children = (
				846A71F625F69123002C1BFC /* TaskDetailCoordinator.swift */,
				846A71F425F69123002C1BFC /* TaskDetailVC.swift */,
				846A71F525F69123002C1BFC /* TaskDetailVM.swift */,
			);
			path = TaskDetail;
			sourceTree = "<group>";
		};
		846A71B625F689AD002C1BFC /* Common */ = {
			isa = PBXGroup;
			children = (
				846A720325F69275002C1BFC /* BaseViewController.swift */,
				846A720425F69275002C1BFC /* BaseViewModel.swift */,
				846A71BE25F68A14002C1BFC /* Coordinator.swift */,
			);
			path = Common;
			sourceTree = "<group>";
		};
		846A71FD25F69183002C1BFC /* Util */ = {
			isa = PBXGroup;
			children = (
				846A71FE25F691E0002C1BFC /* NSObject+.swift */,
			);
			path = Util;
			sourceTree = "<group>";
		};
		846A723625F69DE7002C1BFC /* SupportingFiles */ = {
			isa = PBXGroup;
			children = (
				846A713F25F667ED002C1BFC /* AppDelegate.swift */,
				846A714125F667ED002C1BFC /* SceneDelegate.swift */,
				846A714B25F667EE002C1BFC /* Assets.xcassets */,
				846A714D25F667EE002C1BFC /* LaunchScreen.storyboard */,
				846A715025F667EE002C1BFC /* Info.plist */,
				846A714825F667ED002C1BFC /* TaskManager.xcdatamodeld */,
			);
			path = SupportingFiles;
			sourceTree = "<group>";
		};
		912A79F5175FF953C36F0255 /* Pods */ = {
			isa = PBXGroup;
			children = (
				93564D4BEAEF7B41F8DF93FC /* Pods-TaskManager.debug.xcconfig */,
				C95B6A84522BB0CF4B6FE600 /* Pods-TaskManager.release.xcconfig */,
				A04D0F4F3CCB8FAC32DA7B0E /* Pods-TaskManager-TaskManagerUITests.debug.xcconfig */,
				DCD1235B2C4D6D55CD80B799 /* Pods-TaskManager-TaskManagerUITests.release.xcconfig */,
				2234B7A5909EBE7ABEB94CE8 /* Pods-TaskManagerTests.debug.xcconfig */,
				129C499975614B8D3B62DAC1 /* Pods-TaskManagerTests.release.xcconfig */,
			);
			path = Pods;
			sourceTree = "<group>";
		};
/* End PBXGroup section */

/* Begin PBXNativeTarget section */
		846A713B25F667ED002C1BFC /* TaskManager */ = {
			isa = PBXNativeTarget;
			buildConfigurationList = 846A716925F667EE002C1BFC /* Build configuration list for PBXNativeTarget "TaskManager" */;
			buildPhases = (
				0A2BBB6C66C33F2B6480D26A /* [CP] Check Pods Manifest.lock */,
				846A713825F667ED002C1BFC /* Sources */,
				846A713925F667ED002C1BFC /* Frameworks */,
				846A713A25F667ED002C1BFC /* Resources */,
			);
			buildRules = (
			);
			dependencies = (
			);
			name = TaskManager;
			productName = TaskManager;
			productReference = 846A713C25F667ED002C1BFC /* TaskManager.app */;
			productType = "com.apple.product-type.application";
		};
		846A715425F667EE002C1BFC /* TaskManagerTests */ = {
			isa = PBXNativeTarget;
			buildConfigurationList = 846A716C25F667EE002C1BFC /* Build configuration list for PBXNativeTarget "TaskManagerTests" */;
			buildPhases = (
				61BFB8D73974D16B201470F9 /* [CP] Check Pods Manifest.lock */,
				846A715125F667EE002C1BFC /* Sources */,
				846A715225F667EE002C1BFC /* Frameworks */,
				846A715325F667EE002C1BFC /* Resources */,
			);
			buildRules = (
			);
			dependencies = (
				846A715725F667EE002C1BFC /* PBXTargetDependency */,
			);
			name = TaskManagerTests;
			productName = TaskManagerTests;
			productReference = 846A715525F667EE002C1BFC /* TaskManagerTests.xctest */;
			productType = "com.apple.product-type.bundle.unit-test";
		};
		846A715F25F667EE002C1BFC /* TaskManagerUITests */ = {
			isa = PBXNativeTarget;
			buildConfigurationList = 846A716F25F667EE002C1BFC /* Build configuration list for PBXNativeTarget "TaskManagerUITests" */;
			buildPhases = (
				59061297C1AD349D1448B6AE /* [CP] Check Pods Manifest.lock */,
				846A715C25F667EE002C1BFC /* Sources */,
				846A715D25F667EE002C1BFC /* Frameworks */,
				846A715E25F667EE002C1BFC /* Resources */,
			);
			buildRules = (
			);
			dependencies = (
				846A716225F667EE002C1BFC /* PBXTargetDependency */,
			);
			name = TaskManagerUITests;
			productName = TaskManagerUITests;
			productReference = 846A716025F667EE002C1BFC /* TaskManagerUITests.xctest */;
			productType = "com.apple.product-type.bundle.ui-testing";
		};
/* End PBXNativeTarget section */

/* Begin PBXProject section */
		846A713425F667ED002C1BFC /* Project object */ = {
			isa = PBXProject;
			attributes = {
				LastSwiftUpdateCheck = 1230;
				LastUpgradeCheck = 1230;
				TargetAttributes = {
					846A713B25F667ED002C1BFC = {
						CreatedOnToolsVersion = 12.3;
					};
					846A715425F667EE002C1BFC = {
						CreatedOnToolsVersion = 12.3;
						TestTargetID = 846A713B25F667ED002C1BFC;
					};
					846A715F25F667EE002C1BFC = {
						CreatedOnToolsVersion = 12.3;
						TestTargetID = 846A713B25F667ED002C1BFC;
					};
				};
			};
			buildConfigurationList = 846A713725F667ED002C1BFC /* Build configuration list for PBXProject "TaskManager" */;
			compatibilityVersion = "Xcode 9.3";
			developmentRegion = en;
			hasScannedForEncodings = 0;
			knownRegions = (
				en,
				Base,
			);
			mainGroup = 846A713325F667ED002C1BFC;
			productRefGroup = 846A713D25F667ED002C1BFC /* Products */;
			projectDirPath = "";
			projectRoot = "";
			targets = (
				846A713B25F667ED002C1BFC /* TaskManager */,
				846A715425F667EE002C1BFC /* TaskManagerTests */,
				846A715F25F667EE002C1BFC /* TaskManagerUITests */,
			);
		};
/* End PBXProject section */

/* Begin PBXResourcesBuildPhase section */
		846A713A25F667ED002C1BFC /* Resources */ = {
			isa = PBXResourcesBuildPhase;
			buildActionMask = 2147483647;
			files = (
				846A714F25F667EE002C1BFC /* LaunchScreen.storyboard in Resources */,
				846A71AF25F68975002C1BFC /* Task.storyboard in Resources */,
				846A714C25F667EE002C1BFC /* Assets.xcassets in Resources */,
			);
			runOnlyForDeploymentPostprocessing = 0;
		};
		846A715325F667EE002C1BFC /* Resources */ = {
			isa = PBXResourcesBuildPhase;
			buildActionMask = 2147483647;
			files = (
			);
			runOnlyForDeploymentPostprocessing = 0;
		};
		846A715E25F667EE002C1BFC /* Resources */ = {
			isa = PBXResourcesBuildPhase;
			buildActionMask = 2147483647;
			files = (
			);
			runOnlyForDeploymentPostprocessing = 0;
		};
/* End PBXResourcesBuildPhase section */

/* Begin PBXShellScriptBuildPhase section */
		0A2BBB6C66C33F2B6480D26A /* [CP] Check Pods Manifest.lock */ = {
			isa = PBXShellScriptBuildPhase;
			buildActionMask = 2147483647;
			files = (
			);
			inputFileListPaths = (
			);
			inputPaths = (
				"${PODS_PODFILE_DIR_PATH}/Podfile.lock",
				"${PODS_ROOT}/Manifest.lock",
			);
			name = "[CP] Check Pods Manifest.lock";
			outputFileListPaths = (
			);
			outputPaths = (
				"$(DERIVED_FILE_DIR)/Pods-TaskManager-checkManifestLockResult.txt",
			);
			runOnlyForDeploymentPostprocessing = 0;
			shellPath = /bin/sh;
			shellScript = "diff \"${PODS_PODFILE_DIR_PATH}/Podfile.lock\" \"${PODS_ROOT}/Manifest.lock\" > /dev/null\nif [ $? != 0 ] ; then\n    # print error to STDERR\n    echo \"error: The sandbox is not in sync with the Podfile.lock. Run 'pod install' or update your CocoaPods installation.\" >&2\n    exit 1\nfi\n# This output is used by Xcode 'outputs' to avoid re-running this script phase.\necho \"SUCCESS\" > \"${SCRIPT_OUTPUT_FILE_0}\"\n";
			showEnvVarsInLog = 0;
		};
		59061297C1AD349D1448B6AE /* [CP] Check Pods Manifest.lock */ = {
			isa = PBXShellScriptBuildPhase;
			buildActionMask = 2147483647;
			files = (
			);
			inputFileListPaths = (
			);
			inputPaths = (
				"${PODS_PODFILE_DIR_PATH}/Podfile.lock",
				"${PODS_ROOT}/Manifest.lock",
			);
			name = "[CP] Check Pods Manifest.lock";
			outputFileListPaths = (
			);
			outputPaths = (
				"$(DERIVED_FILE_DIR)/Pods-TaskManager-TaskManagerUITests-checkManifestLockResult.txt",
			);
			runOnlyForDeploymentPostprocessing = 0;
			shellPath = /bin/sh;
			shellScript = "diff \"${PODS_PODFILE_DIR_PATH}/Podfile.lock\" \"${PODS_ROOT}/Manifest.lock\" > /dev/null\nif [ $? != 0 ] ; then\n    # print error to STDERR\n    echo \"error: The sandbox is not in sync with the Podfile.lock. Run 'pod install' or update your CocoaPods installation.\" >&2\n    exit 1\nfi\n# This output is used by Xcode 'outputs' to avoid re-running this script phase.\necho \"SUCCESS\" > \"${SCRIPT_OUTPUT_FILE_0}\"\n";
			showEnvVarsInLog = 0;
		};
		61BFB8D73974D16B201470F9 /* [CP] Check Pods Manifest.lock */ = {
			isa = PBXShellScriptBuildPhase;
			buildActionMask = 2147483647;
			files = (
			);
			inputFileListPaths = (
			);
			inputPaths = (
				"${PODS_PODFILE_DIR_PATH}/Podfile.lock",
				"${PODS_ROOT}/Manifest.lock",
			);
			name = "[CP] Check Pods Manifest.lock";
			outputFileListPaths = (
			);
			outputPaths = (
				"$(DERIVED_FILE_DIR)/Pods-TaskManagerTests-checkManifestLockResult.txt",
			);
			runOnlyForDeploymentPostprocessing = 0;
			shellPath = /bin/sh;
			shellScript = "diff \"${PODS_PODFILE_DIR_PATH}/Podfile.lock\" \"${PODS_ROOT}/Manifest.lock\" > /dev/null\nif [ $? != 0 ] ; then\n    # print error to STDERR\n    echo \"error: The sandbox is not in sync with the Podfile.lock. Run 'pod install' or update your CocoaPods installation.\" >&2\n    exit 1\nfi\n# This output is used by Xcode 'outputs' to avoid re-running this script phase.\necho \"SUCCESS\" > \"${SCRIPT_OUTPUT_FILE_0}\"\n";
			showEnvVarsInLog = 0;
		};
/* End PBXShellScriptBuildPhase section */

/* Begin PBXSourcesBuildPhase section */
		846A713825F667ED002C1BFC /* Sources */ = {
			isa = PBXSourcesBuildPhase;
			buildActionMask = 2147483647;
			files = (
				846A71F925F69123002C1BFC /* TaskDetailCoordinator.swift in Sources */,
				846A720625F69275002C1BFC /* BaseViewModel.swift in Sources */,
				846A71C725F68E19002C1BFC /* TaskBaseService.swift in Sources */,
				846A71E525F690E5002C1BFC /* TaskListVM.swift in Sources */,
				846A71BF25F68A14002C1BFC /* Coordinator.swift in Sources */,
				846A720525F69275002C1BFC /* BaseViewController.swift in Sources */,
				846A71B125F68975002C1BFC /* TaskConfig.swift in Sources */,
				846A71F725F69123002C1BFC /* TaskDetailVC.swift in Sources */,
				846A71FF25F691E0002C1BFC /* NSObject+.swift in Sources */,
				846A71F825F69123002C1BFC /* TaskDetailVM.swift in Sources */,
				846A71C825F68E19002C1BFC /* TaskDatabaseService.swift in Sources */,
				846A714025F667ED002C1BFC /* AppDelegate.swift in Sources */,
				846A71E725F690E5002C1BFC /* TaskListCoordinator.swift in Sources */,
				846A71B225F68975002C1BFC /* TaskService.swift in Sources */,
				846A71E625F690E5002C1BFC /* TaskListVC.swift in Sources */,
				846A71B025F68975002C1BFC /* TaskCoordinator.swift in Sources */,
				846A714225F667ED002C1BFC /* SceneDelegate.swift in Sources */,
				846A71C925F68E19002C1BFC /* TaskServiceProvider.swift in Sources */,
			);
			runOnlyForDeploymentPostprocessing = 0;
		};
		846A715125F667EE002C1BFC /* Sources */ = {
			isa = PBXSourcesBuildPhase;
			buildActionMask = 2147483647;
			files = (
				846A715A25F667EE002C1BFC /* TaskManagerTests.swift in Sources */,
			);
			runOnlyForDeploymentPostprocessing = 0;
		};
		846A715C25F667EE002C1BFC /* Sources */ = {
			isa = PBXSourcesBuildPhase;
			buildActionMask = 2147483647;
			files = (
				846A716525F667EE002C1BFC /* TaskManagerUITests.swift in Sources */,
			);
			runOnlyForDeploymentPostprocessing = 0;
		};
/* End PBXSourcesBuildPhase section */

/* Begin PBXTargetDependency section */
		846A715725F667EE002C1BFC /* PBXTargetDependency */ = {
			isa = PBXTargetDependency;
			target = 846A713B25F667ED002C1BFC /* TaskManager */;
			targetProxy = 846A715625F667EE002C1BFC /* PBXContainerItemProxy */;
		};
		846A716225F667EE002C1BFC /* PBXTargetDependency */ = {
			isa = PBXTargetDependency;
			target = 846A713B25F667ED002C1BFC /* TaskManager */;
			targetProxy = 846A716125F667EE002C1BFC /* PBXContainerItemProxy */;
		};
/* End PBXTargetDependency section */

/* Begin PBXVariantGroup section */
		846A714D25F667EE002C1BFC /* LaunchScreen.storyboard */ = {
			isa = PBXVariantGroup;
			children = (
				846A714E25F667EE002C1BFC /* Base */,
			);
			name = LaunchScreen.storyboard;
			sourceTree = "<group>";
		};
/* End PBXVariantGroup section */

/* Begin XCBuildConfiguration section */
		846A716725F667EE002C1BFC /* Debug */ = {
			isa = XCBuildConfiguration;
			buildSettings = {
				ALWAYS_SEARCH_USER_PATHS = NO;
				CLANG_ANALYZER_NONNULL = YES;
				CLANG_ANALYZER_NUMBER_OBJECT_CONVERSION = YES_AGGRESSIVE;
				CLANG_CXX_LANGUAGE_STANDARD = "gnu++14";
				CLANG_CXX_LIBRARY = "libc++";
				CLANG_ENABLE_MODULES = YES;
				CLANG_ENABLE_OBJC_ARC = YES;
				CLANG_ENABLE_OBJC_WEAK = YES;
				CLANG_WARN_BLOCK_CAPTURE_AUTORELEASING = YES;
				CLANG_WARN_BOOL_CONVERSION = YES;
				CLANG_WARN_COMMA = YES;
				CLANG_WARN_CONSTANT_CONVERSION = YES;
				CLANG_WARN_DEPRECATED_OBJC_IMPLEMENTATIONS = YES;
				CLANG_WARN_DIRECT_OBJC_ISA_USAGE = YES_ERROR;
				CLANG_WARN_DOCUMENTATION_COMMENTS = YES;
				CLANG_WARN_EMPTY_BODY = YES;
				CLANG_WARN_ENUM_CONVERSION = YES;
				CLANG_WARN_INFINITE_RECURSION = YES;
				CLANG_WARN_INT_CONVERSION = YES;
				CLANG_WARN_NON_LITERAL_NULL_CONVERSION = YES;
				CLANG_WARN_OBJC_IMPLICIT_RETAIN_SELF = YES;
				CLANG_WARN_OBJC_LITERAL_CONVERSION = YES;
				CLANG_WARN_OBJC_ROOT_CLASS = YES_ERROR;
				CLANG_WARN_QUOTED_INCLUDE_IN_FRAMEWORK_HEADER = YES;
				CLANG_WARN_RANGE_LOOP_ANALYSIS = YES;
				CLANG_WARN_STRICT_PROTOTYPES = YES;
				CLANG_WARN_SUSPICIOUS_MOVE = YES;
				CLANG_WARN_UNGUARDED_AVAILABILITY = YES_AGGRESSIVE;
				CLANG_WARN_UNREACHABLE_CODE = YES;
				CLANG_WARN__DUPLICATE_METHOD_MATCH = YES;
				COPY_PHASE_STRIP = NO;
				DEBUG_INFORMATION_FORMAT = dwarf;
				ENABLE_STRICT_OBJC_MSGSEND = YES;
				ENABLE_TESTABILITY = YES;
				GCC_C_LANGUAGE_STANDARD = gnu11;
				GCC_DYNAMIC_NO_PIC = NO;
				GCC_NO_COMMON_BLOCKS = YES;
				GCC_OPTIMIZATION_LEVEL = 0;
				GCC_PREPROCESSOR_DEFINITIONS = (
					"DEBUG=1",
					"$(inherited)",
				);
				GCC_WARN_64_TO_32_BIT_CONVERSION = YES;
				GCC_WARN_ABOUT_RETURN_TYPE = YES_ERROR;
				GCC_WARN_UNDECLARED_SELECTOR = YES;
				GCC_WARN_UNINITIALIZED_AUTOS = YES_AGGRESSIVE;
				GCC_WARN_UNUSED_FUNCTION = YES;
				GCC_WARN_UNUSED_VARIABLE = YES;
				IPHONEOS_DEPLOYMENT_TARGET = 14.3;
				MTL_ENABLE_DEBUG_INFO = INCLUDE_SOURCE;
				MTL_FAST_MATH = YES;
				ONLY_ACTIVE_ARCH = YES;
				SDKROOT = iphoneos;
				SWIFT_ACTIVE_COMPILATION_CONDITIONS = DEBUG;
				SWIFT_OPTIMIZATION_LEVEL = "-Onone";
			};
			name = Debug;
		};
		846A716825F667EE002C1BFC /* Release */ = {
			isa = XCBuildConfiguration;
			buildSettings = {
				ALWAYS_SEARCH_USER_PATHS = NO;
				CLANG_ANALYZER_NONNULL = YES;
				CLANG_ANALYZER_NUMBER_OBJECT_CONVERSION = YES_AGGRESSIVE;
				CLANG_CXX_LANGUAGE_STANDARD = "gnu++14";
				CLANG_CXX_LIBRARY = "libc++";
				CLANG_ENABLE_MODULES = YES;
				CLANG_ENABLE_OBJC_ARC = YES;
				CLANG_ENABLE_OBJC_WEAK = YES;
				CLANG_WARN_BLOCK_CAPTURE_AUTORELEASING = YES;
				CLANG_WARN_BOOL_CONVERSION = YES;
				CLANG_WARN_COMMA = YES;
				CLANG_WARN_CONSTANT_CONVERSION = YES;
				CLANG_WARN_DEPRECATED_OBJC_IMPLEMENTATIONS = YES;
				CLANG_WARN_DIRECT_OBJC_ISA_USAGE = YES_ERROR;
				CLANG_WARN_DOCUMENTATION_COMMENTS = YES;
				CLANG_WARN_EMPTY_BODY = YES;
				CLANG_WARN_ENUM_CONVERSION = YES;
				CLANG_WARN_INFINITE_RECURSION = YES;
				CLANG_WARN_INT_CONVERSION = YES;
				CLANG_WARN_NON_LITERAL_NULL_CONVERSION = YES;
				CLANG_WARN_OBJC_IMPLICIT_RETAIN_SELF = YES;
				CLANG_WARN_OBJC_LITERAL_CONVERSION = YES;
				CLANG_WARN_OBJC_ROOT_CLASS = YES_ERROR;
				CLANG_WARN_QUOTED_INCLUDE_IN_FRAMEWORK_HEADER = YES;
				CLANG_WARN_RANGE_LOOP_ANALYSIS = YES;
				CLANG_WARN_STRICT_PROTOTYPES = YES;
				CLANG_WARN_SUSPICIOUS_MOVE = YES;
				CLANG_WARN_UNGUARDED_AVAILABILITY = YES_AGGRESSIVE;
				CLANG_WARN_UNREACHABLE_CODE = YES;
				CLANG_WARN__DUPLICATE_METHOD_MATCH = YES;
				COPY_PHASE_STRIP = NO;
				DEBUG_INFORMATION_FORMAT = "dwarf-with-dsym";
				ENABLE_NS_ASSERTIONS = NO;
				ENABLE_STRICT_OBJC_MSGSEND = YES;
				GCC_C_LANGUAGE_STANDARD = gnu11;
				GCC_NO_COMMON_BLOCKS = YES;
				GCC_WARN_64_TO_32_BIT_CONVERSION = YES;
				GCC_WARN_ABOUT_RETURN_TYPE = YES_ERROR;
				GCC_WARN_UNDECLARED_SELECTOR = YES;
				GCC_WARN_UNINITIALIZED_AUTOS = YES_AGGRESSIVE;
				GCC_WARN_UNUSED_FUNCTION = YES;
				GCC_WARN_UNUSED_VARIABLE = YES;
				IPHONEOS_DEPLOYMENT_TARGET = 14.3;
				MTL_ENABLE_DEBUG_INFO = NO;
				MTL_FAST_MATH = YES;
				SDKROOT = iphoneos;
				SWIFT_COMPILATION_MODE = wholemodule;
				SWIFT_OPTIMIZATION_LEVEL = "-O";
				VALIDATE_PRODUCT = YES;
			};
			name = Release;
		};
		846A716A25F667EE002C1BFC /* Debug */ = {
			isa = XCBuildConfiguration;
			baseConfigurationReference = 93564D4BEAEF7B41F8DF93FC /* Pods-TaskManager.debug.xcconfig */;
			buildSettings = {
				ASSETCATALOG_COMPILER_APPICON_NAME = AppIcon;
				ASSETCATALOG_COMPILER_GLOBAL_ACCENT_COLOR_NAME = AccentColor;
				CODE_SIGN_STYLE = Automatic;
				DEVELOPMENT_TEAM = 8UU9KYXYFV;
				INFOPLIST_FILE = TaskManager/SupportingFiles/Info.plist;
				IPHONEOS_DEPLOYMENT_TARGET = 13.0;
				LD_RUNPATH_SEARCH_PATHS = (
					"$(inherited)",
					"@executable_path/Frameworks",
				);
				PRODUCT_BUNDLE_IDENTIFIER = com.milan.TaskManager;
				PRODUCT_NAME = "$(TARGET_NAME)";
				SWIFT_VERSION = 5.0;
				TARGETED_DEVICE_FAMILY = "1,2";
			};
			name = Debug;
		};
		846A716B25F667EE002C1BFC /* Release */ = {
			isa = XCBuildConfiguration;
			baseConfigurationReference = C95B6A84522BB0CF4B6FE600 /* Pods-TaskManager.release.xcconfig */;
			buildSettings = {
				ASSETCATALOG_COMPILER_APPICON_NAME = AppIcon;
				ASSETCATALOG_COMPILER_GLOBAL_ACCENT_COLOR_NAME = AccentColor;
				CODE_SIGN_STYLE = Automatic;
				DEVELOPMENT_TEAM = 8UU9KYXYFV;
				INFOPLIST_FILE = TaskManager/SupportingFiles/Info.plist;
				IPHONEOS_DEPLOYMENT_TARGET = 13.0;
				LD_RUNPATH_SEARCH_PATHS = (
					"$(inherited)",
					"@executable_path/Frameworks",
				);
				PRODUCT_BUNDLE_IDENTIFIER = com.milan.TaskManager;
				PRODUCT_NAME = "$(TARGET_NAME)";
				SWIFT_VERSION = 5.0;
				TARGETED_DEVICE_FAMILY = "1,2";
			};
			name = Release;
		};
		846A716D25F667EE002C1BFC /* Debug */ = {
			isa = XCBuildConfiguration;
			baseConfigurationReference = 2234B7A5909EBE7ABEB94CE8 /* Pods-TaskManagerTests.debug.xcconfig */;
			buildSettings = {
				ALWAYS_EMBED_SWIFT_STANDARD_LIBRARIES = YES;
				BUNDLE_LOADER = "$(TEST_HOST)";
				CODE_SIGN_STYLE = Automatic;
				DEVELOPMENT_TEAM = 8UU9KYXYFV;
				INFOPLIST_FILE = TaskManagerTests/Info.plist;
				IPHONEOS_DEPLOYMENT_TARGET = 14.3;
				LD_RUNPATH_SEARCH_PATHS = (
					"$(inherited)",
					"@executable_path/Frameworks",
					"@loader_path/Frameworks",
				);
				PRODUCT_BUNDLE_IDENTIFIER = com.milan.TaskManagerTests;
				PRODUCT_NAME = "$(TARGET_NAME)";
				SWIFT_VERSION = 5.0;
				TARGETED_DEVICE_FAMILY = "1,2";
				TEST_HOST = "$(BUILT_PRODUCTS_DIR)/TaskManager.app/TaskManager";
			};
			name = Debug;
		};
		846A716E25F667EE002C1BFC /* Release */ = {
			isa = XCBuildConfiguration;
			baseConfigurationReference = 129C499975614B8D3B62DAC1 /* Pods-TaskManagerTests.release.xcconfig */;
			buildSettings = {
				ALWAYS_EMBED_SWIFT_STANDARD_LIBRARIES = YES;
				BUNDLE_LOADER = "$(TEST_HOST)";
				CODE_SIGN_STYLE = Automatic;
				DEVELOPMENT_TEAM = 8UU9KYXYFV;
				INFOPLIST_FILE = TaskManagerTests/Info.plist;
				IPHONEOS_DEPLOYMENT_TARGET = 14.3;
				LD_RUNPATH_SEARCH_PATHS = (
					"$(inherited)",
					"@executable_path/Frameworks",
					"@loader_path/Frameworks",
				);
				PRODUCT_BUNDLE_IDENTIFIER = com.milan.TaskManagerTests;
				PRODUCT_NAME = "$(TARGET_NAME)";
				SWIFT_VERSION = 5.0;
				TARGETED_DEVICE_FAMILY = "1,2";
				TEST_HOST = "$(BUILT_PRODUCTS_DIR)/TaskManager.app/TaskManager";
			};
			name = Release;
		};
		846A717025F667EE002C1BFC /* Debug */ = {
			isa = XCBuildConfiguration;
			baseConfigurationReference = A04D0F4F3CCB8FAC32DA7B0E /* Pods-TaskManager-TaskManagerUITests.debug.xcconfig */;
			buildSettings = {
				ALWAYS_EMBED_SWIFT_STANDARD_LIBRARIES = YES;
				CODE_SIGN_STYLE = Automatic;
				DEVELOPMENT_TEAM = 8UU9KYXYFV;
				INFOPLIST_FILE = TaskManagerUITests/Info.plist;
				LD_RUNPATH_SEARCH_PATHS = (
					"$(inherited)",
					"@executable_path/Frameworks",
					"@loader_path/Frameworks",
				);
				PRODUCT_BUNDLE_IDENTIFIER = com.milan.TaskManagerUITests;
				PRODUCT_NAME = "$(TARGET_NAME)";
				SWIFT_VERSION = 5.0;
				TARGETED_DEVICE_FAMILY = "1,2";
				TEST_TARGET_NAME = TaskManager;
			};
			name = Debug;
		};
		846A717125F667EE002C1BFC /* Release */ = {
			isa = XCBuildConfiguration;
			baseConfigurationReference = DCD1235B2C4D6D55CD80B799 /* Pods-TaskManager-TaskManagerUITests.release.xcconfig */;
			buildSettings = {
				ALWAYS_EMBED_SWIFT_STANDARD_LIBRARIES = YES;
				CODE_SIGN_STYLE = Automatic;
				DEVELOPMENT_TEAM = 8UU9KYXYFV;
				INFOPLIST_FILE = TaskManagerUITests/Info.plist;
				LD_RUNPATH_SEARCH_PATHS = (
					"$(inherited)",
					"@executable_path/Frameworks",
					"@loader_path/Frameworks",
				);
				PRODUCT_BUNDLE_IDENTIFIER = com.milan.TaskManagerUITests;
				PRODUCT_NAME = "$(TARGET_NAME)";
				SWIFT_VERSION = 5.0;
				TARGETED_DEVICE_FAMILY = "1,2";
				TEST_TARGET_NAME = TaskManager;
			};
			name = Release;
		};
/* End XCBuildConfiguration section */

/* Begin XCConfigurationList section */
		846A713725F667ED002C1BFC /* Build configuration list for PBXProject "TaskManager" */ = {
			isa = XCConfigurationList;
			buildConfigurations = (
				846A716725F667EE002C1BFC /* Debug */,
				846A716825F667EE002C1BFC /* Release */,
			);
			defaultConfigurationIsVisible = 0;
			defaultConfigurationName = Release;
		};
		846A716925F667EE002C1BFC /* Build configuration list for PBXNativeTarget "TaskManager" */ = {
			isa = XCConfigurationList;
			buildConfigurations = (
				846A716A25F667EE002C1BFC /* Debug */,
				846A716B25F667EE002C1BFC /* Release */,
			);
			defaultConfigurationIsVisible = 0;
			defaultConfigurationName = Release;
		};
		846A716C25F667EE002C1BFC /* Build configuration list for PBXNativeTarget "TaskManagerTests" */ = {
			isa = XCConfigurationList;
			buildConfigurations = (
				846A716D25F667EE002C1BFC /* Debug */,
				846A716E25F667EE002C1BFC /* Release */,
			);
			defaultConfigurationIsVisible = 0;
			defaultConfigurationName = Release;
		};
		846A716F25F667EE002C1BFC /* Build configuration list for PBXNativeTarget "TaskManagerUITests" */ = {
			isa = XCConfigurationList;
			buildConfigurations = (
				846A717025F667EE002C1BFC /* Debug */,
				846A717125F667EE002C1BFC /* Release */,
			);
			defaultConfigurationIsVisible = 0;
			defaultConfigurationName = Release;
		};
/* End XCConfigurationList section */

/* Begin XCVersionGroup section */
		846A714825F667ED002C1BFC /* TaskManager.xcdatamodeld */ = {
			isa = XCVersionGroup;
			children = (
				846A714925F667ED002C1BFC /* TaskManager.xcdatamodel */,
			);
			currentVersion = 846A714925F667ED002C1BFC /* TaskManager.xcdatamodel */;
			path = TaskManager.xcdatamodeld;
			sourceTree = "<group>";
			versionGroupType = wrapper.xcdatamodel;
		};
/* End XCVersionGroup section */
	};
	rootObject = 846A713425F667ED002C1BFC /* Project object */;
}
