// !$*UTF8*$!
{
	archiveVersion = 1;
	classes = {
	};
	objectVersion = 50;
	objects = {

/* Begin PBXBuildFile section */
		846A714025F667ED002C1BFC /* AppDelegate.swift in Sources */ = {isa = PBXBuildFile; fileRef = 846A713F25F667ED002C1BFC /* AppDelegate.swift */; };
		846A714225F667ED002C1BFC /* SceneDelegate.swift in Sources */ = {isa = PBXBuildFile; fileRef = 846A714125F667ED002C1BFC /* SceneDelegate.swift */; };
		846A714425F667ED002C1BFC /* ViewController.swift in Sources */ = {isa = PBXBuildFile; fileRef = 846A714325F667ED002C1BFC /* ViewController.swift */; };
		846A714725F667ED002C1BFC /* Main.storyboard in Resources */ = {isa = PBXBuildFile; fileRef = 846A714525F667ED002C1BFC /* Main.storyboard */; };
		846A714A25F667ED002C1BFC /* TaskManager.xcdatamodeld in Sources */ = {isa = PBXBuildFile; fileRef = 846A714825F667ED002C1BFC /* TaskManager.xcdatamodeld */; };
		846A714C25F667EE002C1BFC /* Assets.xcassets in Resources */ = {isa = PBXBuildFile; fileRef = 846A714B25F667EE002C1BFC /* Assets.xcassets */; };
		846A714F25F667EE002C1BFC /* LaunchScreen.storyboard in Resources */ = {isa = PBXBuildFile; fileRef = 846A714D25F667EE002C1BFC /* LaunchScreen.storyboard */; };
		846A715A25F667EE002C1BFC /* TaskManagerTests.swift in Sources */ = {isa = PBXBuildFile; fileRef = 846A715925F667EE002C1BFC /* TaskManagerTests.swift */; };
		846A716525F667EE002C1BFC /* TaskManagerUITests.swift in Sources */ = {isa = PBXBuildFile; fileRef = 846A716425F667EE002C1BFC /* TaskManagerUITests.swift */; };
/* End PBXBuildFile section */

/* Begin PBXContainerItemProxy section */
		846A715625F667EE002C1BFC /* PBXContainerItemProxy */ = {
			isa = PBXContainerItemProxy;
			containerPortal = 846A713425F667ED002C1BFC /* Project object */;
			proxyType = 1;
			remoteGlobalIDString = 846A713B25F667ED002C1BFC;
			remoteInfo = TaskManager;
		};
		846A716125F667EE002C1BFC /* PBXContainerItemProxy */ = {
			isa = PBXContainerItemProxy;
			containerPortal = 846A713425F667ED002C1BFC /* Project object */;
			proxyType = 1;
			remoteGlobalIDString = 846A713B25F667ED002C1BFC;
			remoteInfo = TaskManager;
		};
/* End PBXContainerItemProxy section */

/* Begin PBXFileReference section */
		846A713C25F667ED002C1BFC /* TaskManager.app */ = {isa = PBXFileReference; explicitFileType = wrapper.application; includeInIndex = 0; path = TaskManager.app; sourceTree = BUILT_PRODUCTS_DIR; };
		846A713F25F667ED002C1BFC /* AppDelegate.swift */ = {isa = PBXFileReference; lastKnownFileType = sourcecode.swift; path = AppDelegate.swift; sourceTree = "<group>"; };
		846A714125F667ED002C1BFC /* SceneDelegate.swift */ = {isa = PBXFileReference; lastKnownFileType = sourcecode.swift; path = SceneDelegate.swift; sourceTree = "<group>"; };
		846A714325F667ED002C1BFC /* ViewController.swift */ = {isa = PBXFileReference; lastKnownFileType = sourcecode.swift; path = ViewController.swift; sourceTree = "<group>"; };
		846A714625F667ED002C1BFC /* Base */ = {isa = PBXFileReference; lastKnownFileType = file.storyboard; name = Base; path = Base.lproj/Main.storyboard; sourceTree = "<group>"; };
		846A714925F667ED002C1BFC /* TaskManager.xcdatamodel */ = {isa = PBXFileReference; lastKnownFileType = wrapper.xcdatamodel; path = TaskManager.xcdatamodel; sourceTree = "<group>"; };
		846A714B25F667EE002C1BFC /* Assets.xcassets */ = {isa = PBXFileReference; lastKnownFileType = folder.assetcatalog; path = Assets.xcassets; sourceTree = "<group>"; };
		846A714E25F667EE002C1BFC /* Base */ = {isa = PBXFileReference; lastKnownFileType = file.storyboard; name = Base; path = Base.lproj/LaunchScreen.storyboard; sourceTree = "<group>"; };
		846A715025F667EE002C1BFC /* Info.plist */ = {isa = PBXFileReference; lastKnownFileType = text.plist.xml; path = Info.plist; sourceTree = "<group>"; };
		846A715525F667EE002C1BFC /* TaskManagerTests.xctest */ = {isa = PBXFileReference; explicitFileType = wrapper.cfbundle; includeInIndex = 0; path = TaskManagerTests.xctest; sourceTree = BUILT_PRODUCTS_DIR; };
		846A715925F667EE002C1BFC /* TaskManagerTests.swift */ = {isa = PBXFileReference; lastKnownFileType = sourcecode.swift; path = TaskManagerTests.swift; sourceTree = "<group>"; };
		846A715B25F667EE002C1BFC /* Info.plist */ = {isa = PBXFileReference; lastKnownFileType = text.plist.xml; path = Info.plist; sourceTree = "<group>"; };
		846A716025F667EE002C1BFC /* TaskManagerUITests.xctest */ = {isa = PBXFileReference; explicitFileType = wrapper.cfbundle; includeInIndex = 0; path = TaskManagerUITests.xctest; sourceTree = BUILT_PRODUCTS_DIR; };
		846A716425F667EE002C1BFC /* TaskManagerUITests.swift */ = {isa = PBXFileReference; lastKnownFileType = sourcecode.swift; path = TaskManagerUITests.swift; sourceTree = "<group>"; };
		846A716625F667EE002C1BFC /* Info.plist */ = {isa = PBXFileReference; lastKnownFileType = text.plist.xml; path = Info.plist; sourceTree = "<group>"; };
/* End PBXFileReference section */

/* Begin PBXFrameworksBuildPhase section */
		846A713925F667ED002C1BFC /* Frameworks */ = {
			isa = PBXFrameworksBuildPhase;
			buildActionMask = 2147483647;
			files = (
			);
			runOnlyForDeploymentPostprocessing = 0;
		};
		846A715225F667EE002C1BFC /* Frameworks */ = {
			isa = PBXFrameworksBuildPhase;
			buildActionMask = 2147483647;
			files = (
			);
			runOnlyForDeploymentPostprocessing = 0;
		};
		846A715D25F667EE002C1BFC /* Frameworks */ = {
			isa = PBXFrameworksBuildPhase;
			buildActionMask = 2147483647;
			files = (
			);
			runOnlyForDeploymentPostprocessing = 0;
		};
/* End PBXFrameworksBuildPhase section */

/* Begin PBXGroup section */
		846A713325F667ED002C1BFC = {
			isa = PBXGroup;
			children = (
				846A713E25F667ED002C1BFC /* TaskManager */,
				846A715825F667EE002C1BFC /* TaskManagerTests */,
				846A716325F667EE002C1BFC /* TaskManagerUITests */,
				846A713D25F667ED002C1BFC /* Products */,
			);
			sourceTree = "<group>";
		};
		846A713D25F667ED002C1BFC /* Products */ = {
			isa = PBXGroup;
			children = (
				846A713C25F667ED002C1BFC /* TaskManager.app */,
				846A715525F667EE002C1BFC /* TaskManagerTests.xctest */,
				846A716025F667EE002C1BFC /* TaskManagerUITests.xctest */,
			);
			name = Products;
			sourceTree = "<group>";
		};
		846A713E25F667ED002C1BFC /* TaskManager */ = {
			isa = PBXGroup;
			children = (
				846A713F25F667ED002C1BFC /* AppDelegate.swift */,
				846A714125F667ED002C1BFC /* SceneDelegate.swift */,
				846A714325F667ED002C1BFC /* ViewController.swift */,
				846A714525F667ED002C1BFC /* Main.storyboard */,
				846A714B25F667EE002C1BFC /* Assets.xcassets */,
				846A714D25F667EE002C1BFC /* LaunchScreen.storyboard */,
				846A715025F667EE002C1BFC /* Info.plist */,
				846A714825F667ED002C1BFC /* TaskManager.xcdatamodeld */,
			);
			path = TaskManager;
			sourceTree = "<group>";
		};
		846A715825F667EE002C1BFC /* TaskManagerTests */ = {
			isa = PBXGroup;
			children = (
				846A715925F667EE002C1BFC /* TaskManagerTests.swift */,
				846A715B25F667EE002C1BFC /* Info.plist */,
			);
			path = TaskManagerTests;
			sourceTree = "<group>";
		};
		846A716325F667EE002C1BFC /* TaskManagerUITests */ = {
			isa = PBXGroup;
			children = (
				846A716425F667EE002C1BFC /* TaskManagerUITests.swift */,
				846A716625F667EE002C1BFC /* Info.plist */,
			);
			path = TaskManagerUITests;
			sourceTree = "<group>";
		};
/* End PBXGroup section */

/* Begin PBXNativeTarget section */
		846A713B25F667ED002C1BFC /* TaskManager */ = {
			isa = PBXNativeTarget;
			buildConfigurationList = 846A716925F667EE002C1BFC /* Build configuration list for PBXNativeTarget "TaskManager" */;
			buildPhases = (
				846A713825F667ED002C1BFC /* Sources */,
				846A713925F667ED002C1BFC /* Frameworks */,
				846A713A25F667ED002C1BFC /* Resources */,
			);
			buildRules = (
			);
			dependencies = (
			);
			name = TaskManager;
			productName = TaskManager;
			productReference = 846A713C25F667ED002C1BFC /* TaskManager.app */;
			productType = "com.apple.product-type.application";
		};
		846A715425F667EE002C1BFC /* TaskManagerTests */ = {
			isa = PBXNativeTarget;
			buildConfigurationList = 846A716C25F667EE002C1BFC /* Build configuration list for PBXNativeTarget "TaskManagerTests" */;
			buildPhases = (
				846A715125F667EE002C1BFC /* Sources */,
				846A715225F667EE002C1BFC /* Frameworks */,
				846A715325F667EE002C1BFC /* Resources */,
			);
			buildRules = (
			);
			dependencies = (
				846A715725F667EE002C1BFC /* PBXTargetDependency */,
			);
			name = TaskManagerTests;
			productName = TaskManagerTests;
			productReference = 846A715525F667EE002C1BFC /* TaskManagerTests.xctest */;
			productType = "com.apple.product-type.bundle.unit-test";
		};
		846A715F25F667EE002C1BFC /* TaskManagerUITests */ = {
			isa = PBXNativeTarget;
			buildConfigurationList = 846A716F25F667EE002C1BFC /* Build configuration list for PBXNativeTarget "TaskManagerUITests" */;
			buildPhases = (
				846A715C25F667EE002C1BFC /* Sources */,
				846A715D25F667EE002C1BFC /* Frameworks */,
				846A715E25F667EE002C1BFC /* Resources */,
			);
			buildRules = (
			);
			dependencies = (
				846A716225F667EE002C1BFC /* PBXTargetDependency */,
			);
			name = TaskManagerUITests;
			productName = TaskManagerUITests;
			productReference = 846A716025F667EE002C1BFC /* TaskManagerUITests.xctest */;
			productType = "com.apple.product-type.bundle.ui-testing";
		};
/* End PBXNativeTarget section */

/* Begin PBXProject section */
		846A713425F667ED002C1BFC /* Project object */ = {
			isa = PBXProject;
			attributes = {
				LastSwiftUpdateCheck = 1230;
				LastUpgradeCheck = 1230;
				TargetAttributes = {
					846A713B25F667ED002C1BFC = {
						CreatedOnToolsVersion = 12.3;
					};
					846A715425F667EE002C1BFC = {
						CreatedOnToolsVersion = 12.3;
						TestTargetID = 846A713B25F667ED002C1BFC;
					};
					846A715F25F667EE002C1BFC = {
						CreatedOnToolsVersion = 12.3;
						TestTargetID = 846A713B25F667ED002C1BFC;
					};
				};
			};
			buildConfigurationList = 846A713725F667ED002C1BFC /* Build configuration list for PBXProject "TaskManager" */;
			compatibilityVersion = "Xcode 9.3";
			developmentRegion = en;
			hasScannedForEncodings = 0;
			knownRegions = (
				en,
				Base,
			);
			mainGroup = 846A713325F667ED002C1BFC;
			productRefGroup = 846A713D25F667ED002C1BFC /* Products */;
			projectDirPath = "";
			projectRoot = "";
			targets = (
				846A713B25F667ED002C1BFC /* TaskManager */,
				846A715425F667EE002C1BFC /* TaskManagerTests */,
				846A715F25F667EE002C1BFC /* TaskManagerUITests */,
			);
		};
/* End PBXProject section */

/* Begin PBXResourcesBuildPhase section */
		846A713A25F667ED002C1BFC /* Resources */ = {
			isa = PBXResourcesBuildPhase;
			buildActionMask = 2147483647;
			files = (
				846A714F25F667EE002C1BFC /* LaunchScreen.storyboard in Resources */,
				846A714C25F667EE002C1BFC /* Assets.xcassets in Resources */,
				846A714725F667ED002C1BFC /* Main.storyboard in Resources */,
			);
			runOnlyForDeploymentPostprocessing = 0;
		};
		846A715325F667EE002C1BFC /* Resources */ = {
			isa = PBXResourcesBuildPhase;
			buildActionMask = 2147483647;
			files = (
			);
			runOnlyForDeploymentPostprocessing = 0;
		};
		846A715E25F667EE002C1BFC /* Resources */ = {
			isa = PBXResourcesBuildPhase;
			buildActionMask = 2147483647;
			files = (
			);
			runOnlyForDeploymentPostprocessing = 0;
		};
/* End PBXResourcesBuildPhase section */

/* Begin PBXSourcesBuildPhase section */
		846A713825F667ED002C1BFC /* Sources */ = {
			isa = PBXSourcesBuildPhase;
			buildActionMask = 2147483647;
			files = (
				846A714425F667ED002C1BFC /* ViewController.swift in Sources */,
				846A714025F667ED002C1BFC /* AppDelegate.swift in Sources */,
				846A714A25F667ED002C1BFC /* TaskManager.xcdatamodeld in Sources */,
				846A714225F667ED002C1BFC /* SceneDelegate.swift in Sources */,
			);
			runOnlyForDeploymentPostprocessing = 0;
		};
		846A715125F667EE002C1BFC /* Sources */ = {
			isa = PBXSourcesBuildPhase;
			buildActionMask = 2147483647;
			files = (
				846A715A25F667EE002C1BFC /* TaskManagerTests.swift in Sources */,
			);
			runOnlyForDeploymentPostprocessing = 0;
		};
		846A715C25F667EE002C1BFC /* Sources */ = {
			isa = PBXSourcesBuildPhase;
			buildActionMask = 2147483647;
			files = (
				846A716525F667EE002C1BFC /* TaskManagerUITests.swift in Sources */,
			);
			runOnlyForDeploymentPostprocessing = 0;
		};
/* End PBXSourcesBuildPhase section */

/* Begin PBXTargetDependency section */
		846A715725F667EE002C1BFC /* PBXTargetDependency */ = {
			isa = PBXTargetDependency;
			target = 846A713B25F667ED002C1BFC /* TaskManager */;
			targetProxy = 846A715625F667EE002C1BFC /* PBXContainerItemProxy */;
		};
		846A716225F667EE002C1BFC /* PBXTargetDependency */ = {
			isa = PBXTargetDependency;
			target = 846A713B25F667ED002C1BFC /* TaskManager */;
			targetProxy = 846A716125F667EE002C1BFC /* PBXContainerItemProxy */;
		};
/* End PBXTargetDependency section */

/* Begin PBXVariantGroup section */
		846A714525F667ED002C1BFC /* Main.storyboard */ = {
			isa = PBXVariantGroup;
			children = (
				846A714625F667ED002C1BFC /* Base */,
			);
			name = Main.storyboard;
			sourceTree = "<group>";
		};
		846A714D25F667EE002C1BFC /* LaunchScreen.storyboard */ = {
			isa = PBXVariantGroup;
			children = (
				846A714E25F667EE002C1BFC /* Base */,
			);
			name = LaunchScreen.storyboard;
			sourceTree = "<group>";
		};
/* End PBXVariantGroup section */

/* Begin XCBuildConfiguration section */
		846A716725F667EE002C1BFC /* Debug */ = {
			isa = XCBuildConfiguration;
			buildSettings = {
				ALWAYS_SEARCH_USER_PATHS = NO;
				CLANG_ANALYZER_NONNULL = YES;
				CLANG_ANALYZER_NUMBER_OBJECT_CONVERSION = YES_AGGRESSIVE;
				CLANG_CXX_LANGUAGE_STANDARD = "gnu++14";
				CLANG_CXX_LIBRARY = "libc++";
				CLANG_ENABLE_MODULES = YES;
				CLANG_ENABLE_OBJC_ARC = YES;
				CLANG_ENABLE_OBJC_WEAK = YES;
				CLANG_WARN_BLOCK_CAPTURE_AUTORELEASING = YES;
				CLANG_WARN_BOOL_CONVERSION = YES;
				CLANG_WARN_COMMA = YES;
				CLANG_WARN_CONSTANT_CONVERSION = YES;
				CLANG_WARN_DEPRECATED_OBJC_IMPLEMENTATIONS = YES;
				CLANG_WARN_DIRECT_OBJC_ISA_USAGE = YES_ERROR;
				CLANG_WARN_DOCUMENTATION_COMMENTS = YES;
				CLANG_WARN_EMPTY_BODY = YES;
				CLANG_WARN_ENUM_CONVERSION = YES;
				CLANG_WARN_INFINITE_RECURSION = YES;
				CLANG_WARN_INT_CONVERSION = YES;
				CLANG_WARN_NON_LITERAL_NULL_CONVERSION = YES;
				CLANG_WARN_OBJC_IMPLICIT_RETAIN_SELF = YES;
				CLANG_WARN_OBJC_LITERAL_CONVERSION = YES;
				CLANG_WARN_OBJC_ROOT_CLASS = YES_ERROR;
				CLANG_WARN_QUOTED_INCLUDE_IN_FRAMEWORK_HEADER = YES;
				CLANG_WARN_RANGE_LOOP_ANALYSIS = YES;
				CLANG_WARN_STRICT_PROTOTYPES = YES;
				CLANG_WARN_SUSPICIOUS_MOVE = YES;
				CLANG_WARN_UNGUARDED_AVAILABILITY = YES_AGGRESSIVE;
				CLANG_WARN_UNREACHABLE_CODE = YES;
				CLANG_WARN__DUPLICATE_METHOD_MATCH = YES;
				COPY_PHASE_STRIP = NO;
				DEBUG_INFORMATION_FORMAT = dwarf;
				ENABLE_STRICT_OBJC_MSGSEND = YES;
				ENABLE_TESTABILITY = YES;
				GCC_C_LANGUAGE_STANDARD = gnu11;
				GCC_DYNAMIC_NO_PIC = NO;
				GCC_NO_COMMON_BLOCKS = YES;
				GCC_OPTIMIZATION_LEVEL = 0;
				GCC_PREPROCESSOR_DEFINITIONS = (
					"DEBUG=1",
					"$(inherited)",
				);
				GCC_WARN_64_TO_32_BIT_CONVERSION = YES;
				GCC_WARN_ABOUT_RETURN_TYPE = YES_ERROR;
				GCC_WARN_UNDECLARED_SELECTOR = YES;
				GCC_WARN_UNINITIALIZED_AUTOS = YES_AGGRESSIVE;
				GCC_WARN_UNUSED_FUNCTION = YES;
				GCC_WARN_UNUSED_VARIABLE = YES;
				IPHONEOS_DEPLOYMENT_TARGET = 14.3;
				MTL_ENABLE_DEBUG_INFO = INCLUDE_SOURCE;
				MTL_FAST_MATH = YES;
				ONLY_ACTIVE_ARCH = YES;
				SDKROOT = iphoneos;
				SWIFT_ACTIVE_COMPILATION_CONDITIONS = DEBUG;
				SWIFT_OPTIMIZATION_LEVEL = "-Onone";
			};
			name = Debug;
		};
		846A716825F667EE002C1BFC /* Release */ = {
			isa = XCBuildConfiguration;
			buildSettings = {
				ALWAYS_SEARCH_USER_PATHS = NO;
				CLANG_ANALYZER_NONNULL = YES;
				CLANG_ANALYZER_NUMBER_OBJECT_CONVERSION = YES_AGGRESSIVE;
				CLANG_CXX_LANGUAGE_STANDARD = "gnu++14";
				CLANG_CXX_LIBRARY = "libc++";
				CLANG_ENABLE_MODULES = YES;
				CLANG_ENABLE_OBJC_ARC = YES;
				CLANG_ENABLE_OBJC_WEAK = YES;
				CLANG_WARN_BLOCK_CAPTURE_AUTORELEASING = YES;
				CLANG_WARN_BOOL_CONVERSION = YES;
				CLANG_WARN_COMMA = YES;
				CLANG_WARN_CONSTANT_CONVERSION = YES;
				CLANG_WARN_DEPRECATED_OBJC_IMPLEMENTATIONS = YES;
				CLANG_WARN_DIRECT_OBJC_ISA_USAGE = YES_ERROR;
				CLANG_WARN_DOCUMENTATION_COMMENTS = YES;
				CLANG_WARN_EMPTY_BODY = YES;
				CLANG_WARN_ENUM_CONVERSION = YES;
				CLANG_WARN_INFINITE_RECURSION = YES;
				CLANG_WARN_INT_CONVERSION = YES;
				CLANG_WARN_NON_LITERAL_NULL_CONVERSION = YES;
				CLANG_WARN_OBJC_IMPLICIT_RETAIN_SELF = YES;
				CLANG_WARN_OBJC_LITERAL_CONVERSION = YES;
				CLANG_WARN_OBJC_ROOT_CLASS = YES_ERROR;
				CLANG_WARN_QUOTED_INCLUDE_IN_FRAMEWORK_HEADER = YES;
				CLANG_WARN_RANGE_LOOP_ANALYSIS = YES;
				CLANG_WARN_STRICT_PROTOTYPES = YES;
				CLANG_WARN_SUSPICIOUS_MOVE = YES;
				CLANG_WARN_UNGUARDED_AVAILABILITY = YES_AGGRESSIVE;
				CLANG_WARN_UNREACHABLE_CODE = YES;
				CLANG_WARN__DUPLICATE_METHOD_MATCH = YES;
				COPY_PHASE_STRIP = NO;
				DEBUG_INFORMATION_FORMAT = "dwarf-with-dsym";
				ENABLE_NS_ASSERTIONS = NO;
				ENABLE_STRICT_OBJC_MSGSEND = YES;
				GCC_C_LANGUAGE_STANDARD = gnu11;
				GCC_NO_COMMON_BLOCKS = YES;
				GCC_WARN_64_TO_32_BIT_CONVERSION = YES;
				GCC_WARN_ABOUT_RETURN_TYPE = YES_ERROR;
				GCC_WARN_UNDECLARED_SELECTOR = YES;
				GCC_WARN_UNINITIALIZED_AUTOS = YES_AGGRESSIVE;
				GCC_WARN_UNUSED_FUNCTION = YES;
				GCC_WARN_UNUSED_VARIABLE = YES;
				IPHONEOS_DEPLOYMENT_TARGET = 14.3;
				MTL_ENABLE_DEBUG_INFO = NO;
				MTL_FAST_MATH = YES;
				SDKROOT = iphoneos;
				SWIFT_COMPILATION_MODE = wholemodule;
				SWIFT_OPTIMIZATION_LEVEL = "-O";
				VALIDATE_PRODUCT = YES;
			};
			name = Release;
		};
		846A716A25F667EE002C1BFC /* Debug */ = {
			isa = XCBuildConfiguration;
			buildSettings = {
				ASSETCATALOG_COMPILER_APPICON_NAME = AppIcon;
				ASSETCATALOG_COMPILER_GLOBAL_ACCENT_COLOR_NAME = AccentColor;
				CODE_SIGN_STYLE = Automatic;
				DEVELOPMENT_TEAM = 8UU9KYXYFV;
				INFOPLIST_FILE = TaskManager/Info.plist;
				LD_RUNPATH_SEARCH_PATHS = (
					"$(inherited)",
					"@executable_path/Frameworks",
				);
				PRODUCT_BUNDLE_IDENTIFIER = com.milan.TaskManager;
				PRODUCT_NAME = "$(TARGET_NAME)";
				SWIFT_VERSION = 5.0;
				TARGETED_DEVICE_FAMILY = "1,2";
			};
			name = Debug;
		};
		846A716B25F667EE002C1BFC /* Release */ = {
			isa = XCBuildConfiguration;
			buildSettings = {
				ASSETCATALOG_COMPILER_APPICON_NAME = AppIcon;
				ASSETCATALOG_COMPILER_GLOBAL_ACCENT_COLOR_NAME = AccentColor;
				CODE_SIGN_STYLE = Automatic;
				DEVELOPMENT_TEAM = 8UU9KYXYFV;
				INFOPLIST_FILE = TaskManager/Info.plist;
				LD_RUNPATH_SEARCH_PATHS = (
					"$(inherited)",
					"@executable_path/Frameworks",
				);
				PRODUCT_BUNDLE_IDENTIFIER = com.milan.TaskManager;
				PRODUCT_NAME = "$(TARGET_NAME)";
				SWIFT_VERSION = 5.0;
				TARGETED_DEVICE_FAMILY = "1,2";
			};
			name = Release;
		};
		846A716D25F667EE002C1BFC /* Debug */ = {
			isa = XCBuildConfiguration;
			buildSettings = {
				ALWAYS_EMBED_SWIFT_STANDARD_LIBRARIES = YES;
				BUNDLE_LOADER = "$(TEST_HOST)";
				CODE_SIGN_STYLE = Automatic;
				DEVELOPMENT_TEAM = 8UU9KYXYFV;
				INFOPLIST_FILE = TaskManagerTests/Info.plist;
				IPHONEOS_DEPLOYMENT_TARGET = 14.3;
				LD_RUNPATH_SEARCH_PATHS = (
					"$(inherited)",
					"@executable_path/Frameworks",
					"@loader_path/Frameworks",
				);
				PRODUCT_BUNDLE_IDENTIFIER = com.milan.TaskManagerTests;
				PRODUCT_NAME = "$(TARGET_NAME)";
				SWIFT_VERSION = 5.0;
				TARGETED_DEVICE_FAMILY = "1,2";
				TEST_HOST = "$(BUILT_PRODUCTS_DIR)/TaskManager.app/TaskManager";
			};
			name = Debug;
		};
		846A716E25F667EE002C1BFC /* Release */ = {
			isa = XCBuildConfiguration;
			buildSettings = {
				ALWAYS_EMBED_SWIFT_STANDARD_LIBRARIES = YES;
				BUNDLE_LOADER = "$(TEST_HOST)";
				CODE_SIGN_STYLE = Automatic;
				DEVELOPMENT_TEAM = 8UU9KYXYFV;
				INFOPLIST_FILE = TaskManagerTests/Info.plist;
				IPHONEOS_DEPLOYMENT_TARGET = 14.3;
				LD_RUNPATH_SEARCH_PATHS = (
					"$(inherited)",
					"@executable_path/Frameworks",
					"@loader_path/Frameworks",
				);
				PRODUCT_BUNDLE_IDENTIFIER = com.milan.TaskManagerTests;
				PRODUCT_NAME = "$(TARGET_NAME)";
				SWIFT_VERSION = 5.0;
				TARGETED_DEVICE_FAMILY = "1,2";
				TEST_HOST = "$(BUILT_PRODUCTS_DIR)/TaskManager.app/TaskManager";
			};
			name = Release;
		};
		846A717025F667EE002C1BFC /* Debug */ = {
			isa = XCBuildConfiguration;
			buildSettings = {
				ALWAYS_EMBED_SWIFT_STANDARD_LIBRARIES = YES;
				CODE_SIGN_STYLE = Automatic;
				DEVELOPMENT_TEAM = 8UU9KYXYFV;
				INFOPLIST_FILE = TaskManagerUITests/Info.plist;
				LD_RUNPATH_SEARCH_PATHS = (
					"$(inherited)",
					"@executable_path/Frameworks",
					"@loader_path/Frameworks",
				);
				PRODUCT_BUNDLE_IDENTIFIER = com.milan.TaskManagerUITests;
				PRODUCT_NAME = "$(TARGET_NAME)";
				SWIFT_VERSION = 5.0;
				TARGETED_DEVICE_FAMILY = "1,2";
				TEST_TARGET_NAME = TaskManager;
			};
			name = Debug;
		};
		846A717125F667EE002C1BFC /* Release */ = {
			isa = XCBuildConfiguration;
			buildSettings = {
				ALWAYS_EMBED_SWIFT_STANDARD_LIBRARIES = YES;
				CODE_SIGN_STYLE = Automatic;
				DEVELOPMENT_TEAM = 8UU9KYXYFV;
				INFOPLIST_FILE = TaskManagerUITests/Info.plist;
				LD_RUNPATH_SEARCH_PATHS = (
					"$(inherited)",
					"@executable_path/Frameworks",
					"@loader_path/Frameworks",
				);
				PRODUCT_BUNDLE_IDENTIFIER = com.milan.TaskManagerUITests;
				PRODUCT_NAME = "$(TARGET_NAME)";
				SWIFT_VERSION = 5.0;
				TARGETED_DEVICE_FAMILY = "1,2";
				TEST_TARGET_NAME = TaskManager;
			};
			name = Release;
		};
/* End XCBuildConfiguration section */

/* Begin XCConfigurationList section */
		846A713725F667ED002C1BFC /* Build configuration list for PBXProject "TaskManager" */ = {
			isa = XCConfigurationList;
			buildConfigurations = (
				846A716725F667EE002C1BFC /* Debug */,
				846A716825F667EE002C1BFC /* Release */,
			);
			defaultConfigurationIsVisible = 0;
			defaultConfigurationName = Release;
		};
		846A716925F667EE002C1BFC /* Build configuration list for PBXNativeTarget "TaskManager" */ = {
			isa = XCConfigurationList;
			buildConfigurations = (
				846A716A25F667EE002C1BFC /* Debug */,
				846A716B25F667EE002C1BFC /* Release */,
			);
			defaultConfigurationIsVisible = 0;
			defaultConfigurationName = Release;
		};
		846A716C25F667EE002C1BFC /* Build configuration list for PBXNativeTarget "TaskManagerTests" */ = {
			isa = XCConfigurationList;
			buildConfigurations = (
				846A716D25F667EE002C1BFC /* Debug */,
				846A716E25F667EE002C1BFC /* Release */,
			);
			defaultConfigurationIsVisible = 0;
			defaultConfigurationName = Release;
		};
		846A716F25F667EE002C1BFC /* Build configuration list for PBXNativeTarget "TaskManagerUITests" */ = {
			isa = XCConfigurationList;
			buildConfigurations = (
				846A717025F667EE002C1BFC /* Debug */,
				846A717125F667EE002C1BFC /* Release */,
			);
			defaultConfigurationIsVisible = 0;
			defaultConfigurationName = Release;
		};
/* End XCConfigurationList section */

/* Begin XCVersionGroup section */
		846A714825F667ED002C1BFC /* TaskManager.xcdatamodeld */ = {
			isa = XCVersionGroup;
			children = (
				846A714925F667ED002C1BFC /* TaskManager.xcdatamodel */,
			);
			currentVersion = 846A714925F667ED002C1BFC /* TaskManager.xcdatamodel */;
			path = TaskManager.xcdatamodeld;
			sourceTree = "<group>";
			versionGroupType = wrapper.xcdatamodel;
		};
/* End XCVersionGroup section */
	};
	rootObject = 846A713425F667ED002C1BFC /* Project object */;
}
